
Microsoft Visual Studio Solution File, Format Version 12.00
# Visual Studio Version 16
VisualStudioVersion = 16.0.31019.35
MinimumVisualStudioVersion = 10.0.40219.1
Project("{FAE04EC0-301F-11D3-BF4B-00C04F79EFBC}") = "Framework", "Framework\Framework.csproj", "{B9ADE696-F401-408F-8DCC-E6F7781A3A0D}"
EndProject
Global
	GlobalSection(SolutionConfigurationPlatforms) = preSolution
		Debug|Any CPU = Debug|Any CPU
		Release|Any CPU = Release|Any CPU
	EndGlobalSection
	GlobalSection(ProjectConfigurationPlatforms) = postSolution
		{B9ADE696-F401-408F-8DCC-E6F7781A3A0D}.Debug|Any CPU.ActiveCfg = Debug|Any CPU
		{B9ADE696-F401-408F-8DCC-E6F7781A3A0D}.Debug|Any CPU.Build.0 = Debug|Any CPU
		{B9ADE696-F401-408F-8DCC-E6F7781A3A0D}.Release|Any CPU.ActiveCfg = Release|Any CPU
		{B9ADE696-F401-408F-8DCC-E6F7781A3A0D}.Release|Any CPU.Build.0 = Release|Any CPU
	EndGlobalSection
	GlobalSection(SolutionProperties) = preSolution
		HideSolutionNode = FALSE
	EndGlobalSection
	GlobalSection(ExtensibilityGlobals) = postSolution
		SolutionGuid = {B70E3BDD-32AA-4ECE-9F9C-C9E09B0C3E67}
	EndGlobalSection
EndGlobal
