
Microsoft Visual Studio Solution File, Format Version 12.00
# Visual Studio Version 16
VisualStudioVersion = 16.0.29519.87
MinimumVisualStudioVersion = 10.0.40219.1
Project("{9A19103F-16F7-4668-BE54-9A1E7A4F7556}") = "CS7.x", "CS7.x.csproj", "{118DF33B-F3B0-4289-A7CE-5F65750DF3EC}"
EndProject
Global
	GlobalSection(SolutionConfigurationPlatforms) = preSolution
		Debug|Any CPU = Debug|Any CPU
		Release|Any CPU = Release|Any CPU
	EndGlobalSection
	GlobalSection(ProjectConfigurationPlatforms) = postSolution
		{118DF33B-F3B0-4289-A7CE-5F65750DF3EC}.Debug|Any CPU.ActiveCfg = Debug|Any CPU
		{118DF33B-F3B0-4289-A7CE-5F65750DF3EC}.Debug|Any CPU.Build.0 = Debug|Any CPU
		{118DF33B-F3B0-4289-A7CE-5F65750DF3EC}.Release|Any CPU.ActiveCfg = Release|Any CPU
		{118DF33B-F3B0-4289-A7CE-5F65750DF3EC}.Release|Any CPU.Build.0 = Release|Any CPU
	EndGlobalSection
	GlobalSection(SolutionProperties) = preSolution
		HideSolutionNode = FALSE
	EndGlobalSection
	GlobalSection(ExtensibilityGlobals) = postSolution
		SolutionGuid = {DE393CB9-324C-4FB1-A571-57CD7C0C58F7}
	EndGlobalSection
EndGlobal
