
Microsoft Visual Studio Solution File, Format Version 12.00
# Visual Studio Version 16
VisualStudioVersion = 16.0.29509.3
MinimumVisualStudioVersion = 10.0.40219.1
Project("{9A19103F-16F7-4668-BE54-9A1E7A4F7556}") = "CS7", "CS7.csproj", "{F4F502EE-4FE9-467E-9967-5782D434C420}"
EndProject
Global
	GlobalSection(SolutionConfigurationPlatforms) = preSolution
		Debug|Any CPU = Debug|Any CPU
		Release|Any CPU = Release|Any CPU
	EndGlobalSection
	GlobalSection(ProjectConfigurationPlatforms) = postSolution
		{F4F502EE-4FE9-467E-9967-5782D434C420}.Debug|Any CPU.ActiveCfg = Debug|Any CPU
		{F4F502EE-4FE9-467E-9967-5782D434C420}.Debug|Any CPU.Build.0 = Debug|Any CPU
		{F4F502EE-4FE9-467E-9967-5782D434C420}.Release|Any CPU.ActiveCfg = Release|Any CPU
		{F4F502EE-4FE9-467E-9967-5782D434C420}.Release|Any CPU.Build.0 = Release|Any CPU
	EndGlobalSection
	GlobalSection(SolutionProperties) = preSolution
		HideSolutionNode = FALSE
	EndGlobalSection
	GlobalSection(ExtensibilityGlobals) = postSolution
		SolutionGuid = {FE0B025E-CBE4-402C-8202-085A8BE7870B}
	EndGlobalSection
EndGlobal
