
Microsoft Visual Studio Solution File, Format Version 12.00
# Visual Studio Version 16
VisualStudioVersion = 16.0.29519.87
MinimumVisualStudioVersion = 10.0.40219.1
Project("{FAE04EC0-301F-11D3-BF4B-00C04F79EFBC}") = "SPA", "SPA\SPA.csproj", "{0B8A100E-57D3-4A5B-B24B-66F98EAD541A}"
EndProject
Global
	GlobalSection(SolutionConfigurationPlatforms) = preSolution
		Debug|Any CPU = Debug|Any CPU
		Release|Any CPU = Release|Any CPU
	EndGlobalSection
	GlobalSection(ProjectConfigurationPlatforms) = postSolution
		{0B8A100E-57D3-4A5B-B24B-66F98EAD541A}.Debug|Any CPU.ActiveCfg = Debug|Any CPU
		{0B8A100E-57D3-4A5B-B24B-66F98EAD541A}.Debug|Any CPU.Build.0 = Debug|Any CPU
		{0B8A100E-57D3-4A5B-B24B-66F98EAD541A}.Release|Any CPU.ActiveCfg = Release|Any CPU
		{0B8A100E-57D3-4A5B-B24B-66F98EAD541A}.Release|Any CPU.Build.0 = Release|Any CPU
	EndGlobalSection
	GlobalSection(SolutionProperties) = preSolution
		HideSolutionNode = FALSE
	EndGlobalSection
	GlobalSection(ExtensibilityGlobals) = postSolution
		SolutionGuid = {1A3CEAD1-0862-427C-A346-C8B35D8E8E44}
	EndGlobalSection
EndGlobal
