
Microsoft Visual Studio Solution File, Format Version 12.00
# Visual Studio Version 16
VisualStudioVersion = 16.0.31019.35
MinimumVisualStudioVersion = 10.0.40219.1
Project("{FAE04EC0-301F-11D3-BF4B-00C04F79EFBC}") = "UtilityHelper", "UtilityHelper.csproj", "{E90767FB-F6C2-4BC4-BAA6-4F975F58D76A}"
EndProject
Global
	GlobalSection(SolutionConfigurationPlatforms) = preSolution
		Debug|Any CPU = Debug|Any CPU
		Release|Any CPU = Release|Any CPU
	EndGlobalSection
	GlobalSection(ProjectConfigurationPlatforms) = postSolution
		{E90767FB-F6C2-4BC4-BAA6-4F975F58D76A}.Debug|Any CPU.ActiveCfg = Debug|Any CPU
		{E90767FB-F6C2-4BC4-BAA6-4F975F58D76A}.Debug|Any CPU.Build.0 = Debug|Any CPU
		{E90767FB-F6C2-4BC4-BAA6-4F975F58D76A}.Release|Any CPU.ActiveCfg = Release|Any CPU
		{E90767FB-F6C2-4BC4-BAA6-4F975F58D76A}.Release|Any CPU.Build.0 = Release|Any CPU
	EndGlobalSection
	GlobalSection(SolutionProperties) = preSolution
		HideSolutionNode = FALSE
	EndGlobalSection
	GlobalSection(ExtensibilityGlobals) = postSolution
		SolutionGuid = {99094900-8D0E-41D1-B47F-1E6C85326024}
	EndGlobalSection
EndGlobal
