
Microsoft Visual Studio Solution File, Format Version 10.00
# Visual Studio 2008
Project("{FAE04EC0-301F-11D3-BF4B-00C04F79EFBC}") = "CS2008SqlAdapter", "CS2008SqlAdapter\CS2008SqlAdapter.csproj", "{7337DD35-CAEB-4EC6-AC53-E41B93E399D6}"
EndProject
Global
	GlobalSection(SolutionConfigurationPlatforms) = preSolution
		Debug|Any CPU = Debug|Any CPU
		Release|Any CPU = Release|Any CPU
	EndGlobalSection
	GlobalSection(ProjectConfigurationPlatforms) = postSolution
		{7337DD35-CAEB-4EC6-AC53-E41B93E399D6}.Debug|Any CPU.ActiveCfg = Debug|Any CPU
		{7337DD35-CAEB-4EC6-AC53-E41B93E399D6}.Debug|Any CPU.Build.0 = Debug|Any CPU
		{7337DD35-CAEB-4EC6-AC53-E41B93E399D6}.Release|Any CPU.ActiveCfg = Release|Any CPU
		{7337DD35-CAEB-4EC6-AC53-E41B93E399D6}.Release|Any CPU.Build.0 = Release|Any CPU
	EndGlobalSection
	GlobalSection(SolutionProperties) = preSolution
		HideSolutionNode = FALSE
	EndGlobalSection
EndGlobal
