
Microsoft Visual Studio Solution File, Format Version 10.00
# Visual Studio 2008
Project("{FAE04EC0-301F-11D3-BF4B-00C04F79EFBC}") = "CSC2008ListArrayInstance", "CSC2008ListArrayInstance\CSC2008ListArrayInstance.csproj", "{2218BE98-E608-41B8-B849-F47E5EC53762}"
EndProject
Global
	GlobalSection(SolutionConfigurationPlatforms) = preSolution
		Debug|Any CPU = Debug|Any CPU
		Release|Any CPU = Release|Any CPU
	EndGlobalSection
	GlobalSection(ProjectConfigurationPlatforms) = postSolution
		{2218BE98-E608-41B8-B849-F47E5EC53762}.Debug|Any CPU.ActiveCfg = Debug|Any CPU
		{2218BE98-E608-41B8-B849-F47E5EC53762}.Debug|Any CPU.Build.0 = Debug|Any CPU
		{2218BE98-E608-41B8-B849-F47E5EC53762}.Release|Any CPU.ActiveCfg = Release|Any CPU
		{2218BE98-E608-41B8-B849-F47E5EC53762}.Release|Any CPU.Build.0 = Release|Any CPU
	EndGlobalSection
	GlobalSection(SolutionProperties) = preSolution
		HideSolutionNode = FALSE
	EndGlobalSection
EndGlobal
