
Microsoft Visual Studio Solution File, Format Version 12.00
# Visual Studio Version 16
VisualStudioVersion = 16.0.29519.87
MinimumVisualStudioVersion = 10.0.40219.1
Project("{FAE04EC0-301F-11D3-BF4B-00C04F79EFBC}") = "CS8", "CS8.csproj", "{5AAD84DD-8022-4B24-B569-7756C859123B}"
EndProject
Global
	GlobalSection(SolutionConfigurationPlatforms) = preSolution
		Debug|Any CPU = Debug|Any CPU
		Release|Any CPU = Release|Any CPU
	EndGlobalSection
	GlobalSection(ProjectConfigurationPlatforms) = postSolution
		{5AAD84DD-8022-4B24-B569-7756C859123B}.Debug|Any CPU.ActiveCfg = Debug|Any CPU
		{5AAD84DD-8022-4B24-B569-7756C859123B}.Debug|Any CPU.Build.0 = Debug|Any CPU
		{5AAD84DD-8022-4B24-B569-7756C859123B}.Release|Any CPU.ActiveCfg = Release|Any CPU
		{5AAD84DD-8022-4B24-B569-7756C859123B}.Release|Any CPU.Build.0 = Release|Any CPU
	EndGlobalSection
	GlobalSection(SolutionProperties) = preSolution
		HideSolutionNode = FALSE
	EndGlobalSection
	GlobalSection(ExtensibilityGlobals) = postSolution
		SolutionGuid = {0A9C362A-EAA1-49EC-9EEF-40A1A957A3FF}
	EndGlobalSection
EndGlobal
