
Microsoft Visual Studio Solution File, Format Version 12.00
# Visual Studio Version 16
VisualStudioVersion = 25.0.1706.1
MinimumVisualStudioVersion = 10.0.40219.1
Project("{FAE04EC0-301F-11D3-BF4B-00C04F79EFBC}") = "CS11Mnemonics", "CS11Mnemonics.csproj", "{074B96C8-DF78-474F-88C8-3B58742D03E7}"
EndProject
Global
	GlobalSection(SolutionConfigurationPlatforms) = preSolution
		Debug|Any CPU = Debug|Any CPU
		Release|Any CPU = Release|Any CPU
	EndGlobalSection
	GlobalSection(ProjectConfigurationPlatforms) = postSolution
		{074B96C8-DF78-474F-88C8-3B58742D03E7}.Debug|Any CPU.ActiveCfg = Debug|Any CPU
		{074B96C8-DF78-474F-88C8-3B58742D03E7}.Debug|Any CPU.Build.0 = Debug|Any CPU
		{074B96C8-DF78-474F-88C8-3B58742D03E7}.Release|Any CPU.ActiveCfg = Release|Any CPU
		{074B96C8-DF78-474F-88C8-3B58742D03E7}.Release|Any CPU.Build.0 = Release|Any CPU
	EndGlobalSection
	GlobalSection(SolutionProperties) = preSolution
		HideSolutionNode = FALSE
	EndGlobalSection
	GlobalSection(ExtensibilityGlobals) = postSolution
		SolutionGuid = {0FC4B473-94C1-4511-98B9-9DD257CEC3B4}
	EndGlobalSection
EndGlobal
