
Microsoft Visual Studio Solution File, Format Version 12.00
# Visual Studio Version 16
VisualStudioVersion = 16.0.30503.244
MinimumVisualStudioVersion = 10.0.40219.1
Project("{9A19103F-16F7-4668-BE54-9A1E7A4F7556}") = "GigyaApiClient", "GigyaApiClient\GigyaApiClient.csproj", "{C63253B3-18E9-4745-BB7A-D4717D8B0900}"
EndProject
Project("{9A19103F-16F7-4668-BE54-9A1E7A4F7556}") = "GigyaUnitTest", "GigyaUnitTest\GigyaUnitTest.csproj", "{A24F4E9D-B526-4D9A-8F53-16E5C48BA9CF}"
EndProject
Project("{9A19103F-16F7-4668-BE54-9A1E7A4F7556}") = "CoreGigyaApiClient", "CoreGigyaApiClient\CoreGigyaApiClient.csproj", "{30895CC3-0FAE-4E7F-8762-C7C08AAE71DA}"
EndProject
Project("{9A19103F-16F7-4668-BE54-9A1E7A4F7556}") = "Gigya.UI", "Gigya.UI\Gigya.UI.csproj", "{36E6DD27-AB45-4ABF-98F9-801674EC8CF5}"
EndProject
Project("{FAE04EC0-301F-11D3-BF4B-00C04F79EFBC}") = "FrameworkGSCSharpSDK", "FrameworkGSCSharpSDK\FrameworkGSCSharpSDK.csproj", "{008A393C-0C99-4A8C-9840-BC260F5FE998}"
EndProject
Global
	GlobalSection(SolutionConfigurationPlatforms) = preSolution
		Debug|Any CPU = Debug|Any CPU
		Release|Any CPU = Release|Any CPU
	EndGlobalSection
	GlobalSection(ProjectConfigurationPlatforms) = postSolution
		{C63253B3-18E9-4745-BB7A-D4717D8B0900}.Debug|Any CPU.ActiveCfg = Debug|Any CPU
		{C63253B3-18E9-4745-BB7A-D4717D8B0900}.Debug|Any CPU.Build.0 = Debug|Any CPU
		{C63253B3-18E9-4745-BB7A-D4717D8B0900}.Release|Any CPU.ActiveCfg = Release|Any CPU
		{C63253B3-18E9-4745-BB7A-D4717D8B0900}.Release|Any CPU.Build.0 = Release|Any CPU
		{A24F4E9D-B526-4D9A-8F53-16E5C48BA9CF}.Debug|Any CPU.ActiveCfg = Debug|Any CPU
		{A24F4E9D-B526-4D9A-8F53-16E5C48BA9CF}.Debug|Any CPU.Build.0 = Debug|Any CPU
		{A24F4E9D-B526-4D9A-8F53-16E5C48BA9CF}.Release|Any CPU.ActiveCfg = Release|Any CPU
		{A24F4E9D-B526-4D9A-8F53-16E5C48BA9CF}.Release|Any CPU.Build.0 = Release|Any CPU
		{30895CC3-0FAE-4E7F-8762-C7C08AAE71DA}.Debug|Any CPU.ActiveCfg = Debug|Any CPU
		{30895CC3-0FAE-4E7F-8762-C7C08AAE71DA}.Debug|Any CPU.Build.0 = Debug|Any CPU
		{30895CC3-0FAE-4E7F-8762-C7C08AAE71DA}.Release|Any CPU.ActiveCfg = Release|Any CPU
		{30895CC3-0FAE-4E7F-8762-C7C08AAE71DA}.Release|Any CPU.Build.0 = Release|Any CPU
		{36E6DD27-AB45-4ABF-98F9-801674EC8CF5}.Debug|Any CPU.ActiveCfg = Debug|Any CPU
		{36E6DD27-AB45-4ABF-98F9-801674EC8CF5}.Debug|Any CPU.Build.0 = Debug|Any CPU
		{36E6DD27-AB45-4ABF-98F9-801674EC8CF5}.Release|Any CPU.ActiveCfg = Release|Any CPU
		{36E6DD27-AB45-4ABF-98F9-801674EC8CF5}.Release|Any CPU.Build.0 = Release|Any CPU
		{008A393C-0C99-4A8C-9840-BC260F5FE998}.Debug|Any CPU.ActiveCfg = Debug|Any CPU
		{008A393C-0C99-4A8C-9840-BC260F5FE998}.Debug|Any CPU.Build.0 = Debug|Any CPU
		{008A393C-0C99-4A8C-9840-BC260F5FE998}.Release|Any CPU.ActiveCfg = Release|Any CPU
		{008A393C-0C99-4A8C-9840-BC260F5FE998}.Release|Any CPU.Build.0 = Release|Any CPU
	EndGlobalSection
	GlobalSection(SolutionProperties) = preSolution
		HideSolutionNode = FALSE
	EndGlobalSection
	GlobalSection(ExtensibilityGlobals) = postSolution
		SolutionGuid = {54068CE9-D114-480C-9E66-79EEF27DFCA3}
	EndGlobalSection
EndGlobal
