
Microsoft Visual Studio Solution File, Format Version 12.00
# Visual Studio Version 16
VisualStudioVersion = 16.0.29519.87
MinimumVisualStudioVersion = 10.0.40219.1
Project("{FAE04EC0-301F-11D3-BF4B-00C04F79EFBC}") = "PatientData", "PatientData\PatientData.csproj", "{4C2D579A-23C6-4730-921A-88E6865D2BB4}"
EndProject
Project("{FAE04EC0-301F-11D3-BF4B-00C04F79EFBC}") = "CorsClient", "CorsClient\CorsClient.csproj", "{AE1F555B-08F2-4D8B-B890-EAAF6CB185AB}"
EndProject
Global
	GlobalSection(SolutionConfigurationPlatforms) = preSolution
		Debug|Any CPU = Debug|Any CPU
		Release|Any CPU = Release|Any CPU
	EndGlobalSection
	GlobalSection(ProjectConfigurationPlatforms) = postSolution
		{4C2D579A-23C6-4730-921A-88E6865D2BB4}.Debug|Any CPU.ActiveCfg = Debug|Any CPU
		{4C2D579A-23C6-4730-921A-88E6865D2BB4}.Debug|Any CPU.Build.0 = Debug|Any CPU
		{4C2D579A-23C6-4730-921A-88E6865D2BB4}.Release|Any CPU.ActiveCfg = Release|Any CPU
		{4C2D579A-23C6-4730-921A-88E6865D2BB4}.Release|Any CPU.Build.0 = Release|Any CPU
		{AE1F555B-08F2-4D8B-B890-EAAF6CB185AB}.Debug|Any CPU.ActiveCfg = Debug|Any CPU
		{AE1F555B-08F2-4D8B-B890-EAAF6CB185AB}.Debug|Any CPU.Build.0 = Debug|Any CPU
		{AE1F555B-08F2-4D8B-B890-EAAF6CB185AB}.Release|Any CPU.ActiveCfg = Release|Any CPU
		{AE1F555B-08F2-4D8B-B890-EAAF6CB185AB}.Release|Any CPU.Build.0 = Release|Any CPU
	EndGlobalSection
	GlobalSection(SolutionProperties) = preSolution
		HideSolutionNode = FALSE
	EndGlobalSection
	GlobalSection(ExtensibilityGlobals) = postSolution
		SolutionGuid = {08D921BC-944B-405F-B947-9F39F10D96F4}
	EndGlobalSection
EndGlobal
