
Microsoft Visual Studio Solution File, Format Version 12.00
# Visual Studio Version 16
VisualStudioVersion = 25.0.1706.1
MinimumVisualStudioVersion = 10.0.40219.1
Project("{FAE04EC0-301F-11D3-BF4B-00C04F79EFBC}") = "CS10.NET6FluentAssertions", "CS10.NET6FluentAssertions.csproj", "{8B6EF42D-83ED-4A33-957D-E2209EADF6A4}"
EndProject
Global
	GlobalSection(SolutionConfigurationPlatforms) = preSolution
		Debug|Any CPU = Debug|Any CPU
		Release|Any CPU = Release|Any CPU
	EndGlobalSection
	GlobalSection(ProjectConfigurationPlatforms) = postSolution
		{8B6EF42D-83ED-4A33-957D-E2209EADF6A4}.Debug|Any CPU.ActiveCfg = Debug|Any CPU
		{8B6EF42D-83ED-4A33-957D-E2209EADF6A4}.Debug|Any CPU.Build.0 = Debug|Any CPU
		{8B6EF42D-83ED-4A33-957D-E2209EADF6A4}.Release|Any CPU.ActiveCfg = Release|Any CPU
		{8B6EF42D-83ED-4A33-957D-E2209EADF6A4}.Release|Any CPU.Build.0 = Release|Any CPU
	EndGlobalSection
	GlobalSection(SolutionProperties) = preSolution
		HideSolutionNode = FALSE
	EndGlobalSection
	GlobalSection(ExtensibilityGlobals) = postSolution
		SolutionGuid = {4C5BCD41-D8D4-4F90-9E31-4BEC47090490}
	EndGlobalSection
EndGlobal
